github.com/chzyer/logex v1.1.10 h1:Swpa1K6QvQznwJRcfTfQJmTE72DqScAa40E+fbHEXEE=
github.com/chzyer/logex v1.1.10/go.mod h1:+Ywpsq7O8HXn0nuIou7OrIPyXbp3wmkHB+jjWRnGsAI=
github.com/chzyer/readline v0.0.0-20180603132655-2972be24d48e h1:fY5BOSpyZCqRo5OhCuC+XN+r/bBCmeuuJtjz+bCNIf8=
github.com/chzyer/readline v0.0.0-20180603132655-2972be24d48e/go.mod h1:nSuG5e5PlCu98SY8svDHJxuZscDgtXS6KTTbou5AhLI=
github.com/chzyer/test v0.0.0-20180213035817-a1ea475d72b1 h1:q763qf9huN11kDQavWsoZXJNW3xEE4JJyHa5Q25/sd8=
github.com/chzyer/test v0.0.0-20180213035817-a1ea475d72b1/go.mod h1:Q3SI9o4m/ZMnBNeIyt5eFwwo7qiLfzFZmjNmxjkiQlU=
github.com/mediocregopher/seq v0.1.0 h1:Y9QAgq5E8k0ba5p912LbSNNd0BZ0NtF3ISbhDF7Bpp0=
github.com/mediocregopher/seq v0.1.0/go.mod h1:PjY8cqxYmt0xIrCil8xkNmXcOvK5G6ljLMf2+qDN5JA=
github.com/xiaq/persistent v0.0.0-20200820214153-3175cfb92e14 h1:HxX+USVm4XyGwvWS0eJy+GMttkfSRdFcrZ46WtAs5RQ=
github.com/xiaq/persistent v0.0.0-20200820214153-3175cfb92e14/go.mod h1:ezTJjR1ZWIJvN9QAd79tCd/TO4X3x7FDbLMEGHOI1LA=
golang.org/x/sys v0.0.0-20201013081832-0aaa2718063a h1:bhXnJ7fn2SiL+C8iOWPfNBJKDTjUByftpPW7b9CX94U=
golang.org/x/sys v0.0.0-20201013081832-0aaa2718063a/go.mod h1:h1NjWce9XRLGQEsW7wpKNCjG9DtNlClVuFLEZdDNbEs=
